
Microsoft Visual Studio Solution File, Format Version 12.00
# Visual Studio Version 16
VisualStudioVersion = 16.0.29806.167
MinimumVisualStudioVersion = 10.0.40219.1
Project("{FAE04EC0-301F-11D3-BF4B-00C04F79EFBC}") = "EntityCloning.Console", "EntityCloning.Console\EntityCloning.Console.csproj", "{E8C5B6FA-65D0-4D5F-9296-34209684EFB1}"
EndProject
Global
	GlobalSection(SolutionConfigurationPlatforms) = preSolution
		Debug|Any CPU = Debug|Any CPU
		Release|Any CPU = Release|Any CPU
	EndGlobalSection
	GlobalSection(ProjectConfigurationPlatforms) = postSolution
		{E8C5B6FA-65D0-4D5F-9296-34209684EFB1}.Debug|Any CPU.ActiveCfg = Debug|Any CPU
		{E8C5B6FA-65D0-4D5F-9296-34209684EFB1}.Debug|Any CPU.Build.0 = Debug|Any CPU
		{E8C5B6FA-65D0-4D5F-9296-34209684EFB1}.Release|Any CPU.ActiveCfg = Release|Any CPU
		{E8C5B6FA-65D0-4D5F-9296-34209684EFB1}.Release|Any CPU.Build.0 = Release|Any CPU
	EndGlobalSection
	GlobalSection(SolutionProperties) = preSolution
		HideSolutionNode = FALSE
	EndGlobalSection
	GlobalSection(ExtensibilityGlobals) = postSolution
		SolutionGuid = {77DD2F2C-01BA-43BC-BA24-C4A3B07491EE}
	EndGlobalSection
EndGlobal
